
Microsoft Visual Studio Solution File, Format Version 12.00
# Visual Studio 2012
Project("{FAE04EC0-301F-11D3-BF4B-00C04F79EFBC}") = "1. Print1ToN", "1. Print1ToN\1. Print1ToN.csproj", "{628E51E3-CA02-4A8E-82F9-886F343D7572}"
EndProject
Project("{FAE04EC0-301F-11D3-BF4B-00C04F79EFBC}") = "2. Print1ToNWithout3And7Deviders", "2. Print1ToNWithout3And7Deviders\2. Print1ToNWithout3And7Deviders.csproj", "{A7967DD2-BFF7-4D12-AB28-BDAAFB728B11}"
EndProject
Project("{FAE04EC0-301F-11D3-BF4B-00C04F79EFBC}") = "3. MinAndMaxOfNNumbers", "3. MinAndMaxOfNNumbers\3. MinAndMaxOfNNumbers.csproj", "{FC329B07-6DAD-4A9C-9776-5A884C0B4A53}"
EndProject
Project("{FAE04EC0-301F-11D3-BF4B-00C04F79EFBC}") = "4. NFactDevidedKFact", "4. NFactDevidedKFact\4. NFactDevidedKFact.csproj", "{02F6F3DB-4945-48B0-8BCB-DBEFC0E0E5FC}"
EndProject
Project("{FAE04EC0-301F-11D3-BF4B-00C04F79EFBC}") = "5. NAndKFactFormula", "5. NAndKFactFormula\5. NAndKFactFormula.csproj", "{7B90B560-B23B-4C3A-A35D-2679FC322AE6}"
EndProject
Project("{FAE04EC0-301F-11D3-BF4B-00C04F79EFBC}") = "6. CalculateNAndXFormula", "6. CalculateNAndXFormula\6. CalculateNAndXFormula.csproj", "{FE0030C2-2330-4060-86B2-804DF468B259}"
EndProject
Project("{FAE04EC0-301F-11D3-BF4B-00C04F79EFBC}") = "7. SumOfNFibonachiNumbers", "7. SumOfNFibonachiNumbers\7. SumOfNFibonachiNumbers.csproj", "{507DAB24-CFCE-42F4-B757-ACC2D5072AC9}"
EndProject
Project("{FAE04EC0-301F-11D3-BF4B-00C04F79EFBC}") = "8. GCD", "8. GCD\8. GCD.csproj", "{A9ED70C2-33FD-4E07-9811-23BFA8FEF894}"
EndProject
Project("{FAE04EC0-301F-11D3-BF4B-00C04F79EFBC}") = "10. NthCatalanNumber", "10. NthCatalanNumber\10. NthCatalanNumber.csproj", "{D71AE032-7602-4A25-8C27-694B77AC430D}"
EndProject
Project("{FAE04EC0-301F-11D3-BF4B-00C04F79EFBC}") = "11. DeckOfCards", "11. DeckOfCards\11. DeckOfCards.csproj", "{381EA85B-0B00-4455-9907-468933EE56C4}"
EndProject
Project("{FAE04EC0-301F-11D3-BF4B-00C04F79EFBC}") = "12. Matrix", "12. Matrix\12. Matrix.csproj", "{CC904A1B-17B3-420E-B414-24F9C7EE6364}"
EndProject
Project("{FAE04EC0-301F-11D3-BF4B-00C04F79EFBC}") = "13. TrailingZeroes", "13. TrailingZeroes\13. TrailingZeroes.csproj", "{07B21AC5-81A5-4002-9B37-81ECE28DD500}"
EndProject
Project("{FAE04EC0-301F-11D3-BF4B-00C04F79EFBC}") = "14. SpyralMatrix", "14. SpyralMatrix\14. SpyralMatrix.csproj", "{5FE43E30-FD5A-49A8-8187-77DD1302891B}"
EndProject
Global
	GlobalSection(SolutionConfigurationPlatforms) = preSolution
		Debug|Any CPU = Debug|Any CPU
		Release|Any CPU = Release|Any CPU
	EndGlobalSection
	GlobalSection(ProjectConfigurationPlatforms) = postSolution
		{628E51E3-CA02-4A8E-82F9-886F343D7572}.Debug|Any CPU.ActiveCfg = Debug|Any CPU
		{628E51E3-CA02-4A8E-82F9-886F343D7572}.Debug|Any CPU.Build.0 = Debug|Any CPU
		{628E51E3-CA02-4A8E-82F9-886F343D7572}.Release|Any CPU.ActiveCfg = Release|Any CPU
		{628E51E3-CA02-4A8E-82F9-886F343D7572}.Release|Any CPU.Build.0 = Release|Any CPU
		{A7967DD2-BFF7-4D12-AB28-BDAAFB728B11}.Debug|Any CPU.ActiveCfg = Debug|Any CPU
		{A7967DD2-BFF7-4D12-AB28-BDAAFB728B11}.Debug|Any CPU.Build.0 = Debug|Any CPU
		{A7967DD2-BFF7-4D12-AB28-BDAAFB728B11}.Release|Any CPU.ActiveCfg = Release|Any CPU
		{A7967DD2-BFF7-4D12-AB28-BDAAFB728B11}.Release|Any CPU.Build.0 = Release|Any CPU
		{FC329B07-6DAD-4A9C-9776-5A884C0B4A53}.Debug|Any CPU.ActiveCfg = Debug|Any CPU
		{FC329B07-6DAD-4A9C-9776-5A884C0B4A53}.Debug|Any CPU.Build.0 = Debug|Any CPU
		{FC329B07-6DAD-4A9C-9776-5A884C0B4A53}.Release|Any CPU.ActiveCfg = Release|Any CPU
		{FC329B07-6DAD-4A9C-9776-5A884C0B4A53}.Release|Any CPU.Build.0 = Release|Any CPU
		{02F6F3DB-4945-48B0-8BCB-DBEFC0E0E5FC}.Debug|Any CPU.ActiveCfg = Debug|Any CPU
		{02F6F3DB-4945-48B0-8BCB-DBEFC0E0E5FC}.Debug|Any CPU.Build.0 = Debug|Any CPU
		{02F6F3DB-4945-48B0-8BCB-DBEFC0E0E5FC}.Release|Any CPU.ActiveCfg = Release|Any CPU
		{02F6F3DB-4945-48B0-8BCB-DBEFC0E0E5FC}.Release|Any CPU.Build.0 = Release|Any CPU
		{7B90B560-B23B-4C3A-A35D-2679FC322AE6}.Debug|Any CPU.ActiveCfg = Debug|Any CPU
		{7B90B560-B23B-4C3A-A35D-2679FC322AE6}.Debug|Any CPU.Build.0 = Debug|Any CPU
		{7B90B560-B23B-4C3A-A35D-2679FC322AE6}.Release|Any CPU.ActiveCfg = Release|Any CPU
		{7B90B560-B23B-4C3A-A35D-2679FC322AE6}.Release|Any CPU.Build.0 = Release|Any CPU
		{FE0030C2-2330-4060-86B2-804DF468B259}.Debug|Any CPU.ActiveCfg = Debug|Any CPU
		{FE0030C2-2330-4060-86B2-804DF468B259}.Debug|Any CPU.Build.0 = Debug|Any CPU
		{FE0030C2-2330-4060-86B2-804DF468B259}.Release|Any CPU.ActiveCfg = Release|Any CPU
		{FE0030C2-2330-4060-86B2-804DF468B259}.Release|Any CPU.Build.0 = Release|Any CPU
		{507DAB24-CFCE-42F4-B757-ACC2D5072AC9}.Debug|Any CPU.ActiveCfg = Debug|Any CPU
		{507DAB24-CFCE-42F4-B757-ACC2D5072AC9}.Debug|Any CPU.Build.0 = Debug|Any CPU
		{507DAB24-CFCE-42F4-B757-ACC2D5072AC9}.Release|Any CPU.ActiveCfg = Release|Any CPU
		{507DAB24-CFCE-42F4-B757-ACC2D5072AC9}.Release|Any CPU.Build.0 = Release|Any CPU
		{A9ED70C2-33FD-4E07-9811-23BFA8FEF894}.Debug|Any CPU.ActiveCfg = Debug|Any CPU
		{A9ED70C2-33FD-4E07-9811-23BFA8FEF894}.Debug|Any CPU.Build.0 = Debug|Any CPU
		{A9ED70C2-33FD-4E07-9811-23BFA8FEF894}.Release|Any CPU.ActiveCfg = Release|Any CPU
		{A9ED70C2-33FD-4E07-9811-23BFA8FEF894}.Release|Any CPU.Build.0 = Release|Any CPU
		{D71AE032-7602-4A25-8C27-694B77AC430D}.Debug|Any CPU.ActiveCfg = Debug|Any CPU
		{D71AE032-7602-4A25-8C27-694B77AC430D}.Debug|Any CPU.Build.0 = Debug|Any CPU
		{D71AE032-7602-4A25-8C27-694B77AC430D}.Release|Any CPU.ActiveCfg = Release|Any CPU
		{D71AE032-7602-4A25-8C27-694B77AC430D}.Release|Any CPU.Build.0 = Release|Any CPU
		{381EA85B-0B00-4455-9907-468933EE56C4}.Debug|Any CPU.ActiveCfg = Debug|Any CPU
		{381EA85B-0B00-4455-9907-468933EE56C4}.Debug|Any CPU.Build.0 = Debug|Any CPU
		{381EA85B-0B00-4455-9907-468933EE56C4}.Release|Any CPU.ActiveCfg = Release|Any CPU
		{381EA85B-0B00-4455-9907-468933EE56C4}.Release|Any CPU.Build.0 = Release|Any CPU
		{CC904A1B-17B3-420E-B414-24F9C7EE6364}.Debug|Any CPU.ActiveCfg = Debug|Any CPU
		{CC904A1B-17B3-420E-B414-24F9C7EE6364}.Debug|Any CPU.Build.0 = Debug|Any CPU
		{CC904A1B-17B3-420E-B414-24F9C7EE6364}.Release|Any CPU.ActiveCfg = Release|Any CPU
		{CC904A1B-17B3-420E-B414-24F9C7EE6364}.Release|Any CPU.Build.0 = Release|Any CPU
		{07B21AC5-81A5-4002-9B37-81ECE28DD500}.Debug|Any CPU.ActiveCfg = Debug|Any CPU
		{07B21AC5-81A5-4002-9B37-81ECE28DD500}.Debug|Any CPU.Build.0 = Debug|Any CPU
		{07B21AC5-81A5-4002-9B37-81ECE28DD500}.Release|Any CPU.ActiveCfg = Release|Any CPU
		{07B21AC5-81A5-4002-9B37-81ECE28DD500}.Release|Any CPU.Build.0 = Release|Any CPU
		{5FE43E30-FD5A-49A8-8187-77DD1302891B}.Debug|Any CPU.ActiveCfg = Debug|Any CPU
		{5FE43E30-FD5A-49A8-8187-77DD1302891B}.Debug|Any CPU.Build.0 = Debug|Any CPU
		{5FE43E30-FD5A-49A8-8187-77DD1302891B}.Release|Any CPU.ActiveCfg = Release|Any CPU
		{5FE43E30-FD5A-49A8-8187-77DD1302891B}.Release|Any CPU.Build.0 = Release|Any CPU
	EndGlobalSection
	GlobalSection(SolutionProperties) = preSolution
		HideSolutionNode = FALSE
	EndGlobalSection
EndGlobal
